
Microsoft Visual Studio Solution File, Format Version 12.00
# Visual Studio Version 17
VisualStudioVersion = 17.5.33516.290
MinimumVisualStudioVersion = 10.0.40219.1
Project("{FAE04EC0-301F-11D3-BF4B-00C04F79EFBC}") = "TGMacor", "TGMacor.csproj", "{8E763725-E104-41E8-BAC6-13932FEDFA59}"
EndProject
Global
	GlobalSection(SolutionConfigurationPlatforms) = preSolution
		Debug|x86 = Debug|x86
		Release|x86 = Release|x86
	EndGlobalSection
	GlobalSection(ProjectConfigurationPlatforms) = postSolution
		{8E763725-E104-41E8-BAC6-13932FEDFA59}.Debug|x86.ActiveCfg = Debug|x86
		{8E763725-E104-41E8-BAC6-13932FEDFA59}.Debug|x86.Build.0 = Debug|x86
		{8E763725-E104-41E8-BAC6-13932FEDFA59}.Release|x86.ActiveCfg = Release|x86
		{8E763725-E104-41E8-BAC6-13932FEDFA59}.Release|x86.Build.0 = Release|x86
	EndGlobalSection
	GlobalSection(SolutionProperties) = preSolution
		HideSolutionNode = FALSE
	EndGlobalSection
	GlobalSection(ExtensibilityGlobals) = postSolution
		SolutionGuid = {9AB688A2-FFC5-4EFE-B55F-31796D4E25FA}
	EndGlobalSection
EndGlobal
